<?xml version="1.0" encoding="UTF-8" standalone="yes" ?>
<CodeBlocks_project_file>
   <FileVersion major="1" minor="6" />
   <Project>
      <Option title="graphics_asgn1" />
      <Option makefile_is_custom="1" />
      <Option compiler="gcc" />
      <Option virtualFolders="CMake Files\;CMake Files\src\;" />
      <Build>
      <Target title="all">
         <Option working_dir="/home/sai/Desktop/iiit-h-sem4/graphics/graphics/graphics-assign-2-build" />
         <Option type="4" />
         <MakeCommands>
            <Build command="/usr/bin/make -f &quot;/home/sai/Desktop/iiit-h-sem4/graphics/graphics/graphics-assign-2-build/Makefile&quot;  VERBOSE=1 all" />
            <CompileFile command="/usr/bin/make -f &quot;/home/sai/Desktop/iiit-h-sem4/graphics/graphics/graphics-assign-2-build/Makefile&quot;  VERBOSE=1 &quot;$file&quot;" />
            <Clean command="/usr/bin/make -f &quot;/home/sai/Desktop/iiit-h-sem4/graphics/graphics/graphics-assign-2-build/Makefile&quot;  VERBOSE=1 clean" />
            <DistClean command="/usr/bin/make -f &quot;/home/sai/Desktop/iiit-h-sem4/graphics/graphics/graphics-assign-2-build/Makefile&quot;  VERBOSE=1 clean" />
         </MakeCommands>
      </Target>
      <Target title="edit_cache">
         <Option working_dir="/home/sai/Desktop/iiit-h-sem4/graphics/graphics/graphics-assign-2-build" />
         <Option type="4" />
         <MakeCommands>
            <Build command="/usr/bin/make -f &quot;/home/sai/Desktop/iiit-h-sem4/graphics/graphics/graphics-assign-2-build/Makefile&quot;  VERBOSE=1 edit_cache" />
            <CompileFile command="/usr/bin/make -f &quot;/home/sai/Desktop/iiit-h-sem4/graphics/graphics/graphics-assign-2-build/Makefile&quot;  VERBOSE=1 &quot;$file&quot;" />
            <Clean command="/usr/bin/make -f &quot;/home/sai/Desktop/iiit-h-sem4/graphics/graphics/graphics-assign-2-build/Makefile&quot;  VERBOSE=1 clean" />
            <DistClean command="/usr/bin/make -f &quot;/home/sai/Desktop/iiit-h-sem4/graphics/graphics/graphics-assign-2-build/Makefile&quot;  VERBOSE=1 clean" />
         </MakeCommands>
      </Target>
      <Target title="rebuild_cache">
         <Option working_dir="/home/sai/Desktop/iiit-h-sem4/graphics/graphics/graphics-assign-2-build" />
         <Option type="4" />
         <MakeCommands>
            <Build command="/usr/bin/make -f &quot;/home/sai/Desktop/iiit-h-sem4/graphics/graphics/graphics-assign-2-build/Makefile&quot;  VERBOSE=1 rebuild_cache" />
            <CompileFile command="/usr/bin/make -f &quot;/home/sai/Desktop/iiit-h-sem4/graphics/graphics/graphics-assign-2-build/Makefile&quot;  VERBOSE=1 &quot;$file&quot;" />
            <Clean command="/usr/bin/make -f &quot;/home/sai/Desktop/iiit-h-sem4/graphics/graphics/graphics-assign-2-build/Makefile&quot;  VERBOSE=1 clean" />
            <DistClean command="/usr/bin/make -f &quot;/home/sai/Desktop/iiit-h-sem4/graphics/graphics/graphics-assign-2-build/Makefile&quot;  VERBOSE=1 clean" />
         </MakeCommands>
      </Target>
      <Target title="graphics_asgn1">
         <Option output="/home/sai/Desktop/iiit-h-sem4/graphics/graphics/graphics-assign-2-build/graphics_asgn1" prefix_auto="0" extension_auto="0" />
         <Option working_dir="/home/sai/Desktop/iiit-h-sem4/graphics/graphics/graphics-assign-2-build" />
         <Option object_output="./" />
         <Option type="1" />
         <Option compiler="gcc" />
         <Compiler>
            <Add directory="/usr/include" />
            <Add directory="/usr/include/c++/5" />
            <Add directory="/usr/include/c++/5/backward" />
            <Add directory="/usr/include/libdrm" />
            <Add directory="/usr/include/x86_64-linux-gnu" />
            <Add directory="/usr/include/x86_64-linux-gnu/c++/5" />
            <Add directory="/usr/lib/gcc/x86_64-linux-gnu/5/include" />
            <Add directory="/usr/lib/gcc/x86_64-linux-gnu/5/include-fixed" />
            <Add directory="/usr/local/include" />
         </Compiler>
         <MakeCommands>
            <Build command="/usr/bin/make -f &quot;/home/sai/Desktop/iiit-h-sem4/graphics/graphics/graphics-assign-2-build/Makefile&quot;  VERBOSE=1 graphics_asgn1" />
            <CompileFile command="/usr/bin/make -f &quot;/home/sai/Desktop/iiit-h-sem4/graphics/graphics/graphics-assign-2-build/Makefile&quot;  VERBOSE=1 &quot;$file&quot;" />
            <Clean command="/usr/bin/make -f &quot;/home/sai/Desktop/iiit-h-sem4/graphics/graphics/graphics-assign-2-build/Makefile&quot;  VERBOSE=1 clean" />
            <DistClean command="/usr/bin/make -f &quot;/home/sai/Desktop/iiit-h-sem4/graphics/graphics/graphics-assign-2-build/Makefile&quot;  VERBOSE=1 clean" />
         </MakeCommands>
      </Target>
      <Target title="graphics_asgn1/fast">
         <Option output="/home/sai/Desktop/iiit-h-sem4/graphics/graphics/graphics-assign-2-build/graphics_asgn1" prefix_auto="0" extension_auto="0" />
         <Option working_dir="/home/sai/Desktop/iiit-h-sem4/graphics/graphics/graphics-assign-2-build" />
         <Option object_output="./" />
         <Option type="1" />
         <Option compiler="gcc" />
         <Compiler>
            <Add directory="/usr/include" />
            <Add directory="/usr/include/c++/5" />
            <Add directory="/usr/include/c++/5/backward" />
            <Add directory="/usr/include/libdrm" />
            <Add directory="/usr/include/x86_64-linux-gnu" />
            <Add directory="/usr/include/x86_64-linux-gnu/c++/5" />
            <Add directory="/usr/lib/gcc/x86_64-linux-gnu/5/include" />
            <Add directory="/usr/lib/gcc/x86_64-linux-gnu/5/include-fixed" />
            <Add directory="/usr/local/include" />
         </Compiler>
         <MakeCommands>
            <Build command="/usr/bin/make -f &quot;/home/sai/Desktop/iiit-h-sem4/graphics/graphics/graphics-assign-2-build/Makefile&quot;  VERBOSE=1 graphics_asgn1/fast" />
            <CompileFile command="/usr/bin/make -f &quot;/home/sai/Desktop/iiit-h-sem4/graphics/graphics/graphics-assign-2-build/Makefile&quot;  VERBOSE=1 &quot;$file&quot;" />
            <Clean command="/usr/bin/make -f &quot;/home/sai/Desktop/iiit-h-sem4/graphics/graphics/graphics-assign-2-build/Makefile&quot;  VERBOSE=1 clean" />
            <DistClean command="/usr/bin/make -f &quot;/home/sai/Desktop/iiit-h-sem4/graphics/graphics/graphics-assign-2-build/Makefile&quot;  VERBOSE=1 clean" />
         </MakeCommands>
      </Target>
      </Build>
      <Unit filename="/home/sai/Desktop/iiit-h-sem4/graphics/graphics/graphics-assign-2/src/ball.cpp">
         <Option target="graphics_asgn1"/>
      </Unit>
      <Unit filename="/home/sai/Desktop/iiit-h-sem4/graphics/graphics/graphics-assign-2/src/ball.h">
         <Option target="graphics_asgn1"/>
      </Unit>
      <Unit filename="/home/sai/Desktop/iiit-h-sem4/graphics/graphics/graphics-assign-2/src/barrel.cpp">
         <Option target="graphics_asgn1"/>
      </Unit>
      <Unit filename="/home/sai/Desktop/iiit-h-sem4/graphics/graphics/graphics-assign-2/src/barrel.h">
         <Option target="graphics_asgn1"/>
      </Unit>
      <Unit filename="/home/sai/Desktop/iiit-h-sem4/graphics/graphics/graphics-assign-2/src/boat.cpp">
         <Option target="graphics_asgn1"/>
      </Unit>
      <Unit filename="/home/sai/Desktop/iiit-h-sem4/graphics/graphics/graphics-assign-2/src/boat.h">
         <Option target="graphics_asgn1"/>
      </Unit>
      <Unit filename="/home/sai/Desktop/iiit-h-sem4/graphics/graphics/graphics-assign-2/src/cannon.cpp">
         <Option target="graphics_asgn1"/>
      </Unit>
      <Unit filename="/home/sai/Desktop/iiit-h-sem4/graphics/graphics/graphics-assign-2/src/cannon.h">
         <Option target="graphics_asgn1"/>
      </Unit>
      <Unit filename="/home/sai/Desktop/iiit-h-sem4/graphics/graphics/graphics-assign-2/src/color.cpp">
         <Option target="graphics_asgn1"/>
      </Unit>
      <Unit filename="/home/sai/Desktop/iiit-h-sem4/graphics/graphics/graphics-assign-2/src/flag.cpp">
         <Option target="graphics_asgn1"/>
      </Unit>
      <Unit filename="/home/sai/Desktop/iiit-h-sem4/graphics/graphics/graphics-assign-2/src/flag.h">
         <Option target="graphics_asgn1"/>
      </Unit>
      <Unit filename="/home/sai/Desktop/iiit-h-sem4/graphics/graphics/graphics-assign-2/src/input.cpp">
         <Option target="graphics_asgn1"/>
      </Unit>
      <Unit filename="/home/sai/Desktop/iiit-h-sem4/graphics/graphics/graphics-assign-2/src/main.cpp">
         <Option target="graphics_asgn1"/>
      </Unit>
      <Unit filename="/home/sai/Desktop/iiit-h-sem4/graphics/graphics/graphics-assign-2/src/main.h">
         <Option target="graphics_asgn1"/>
      </Unit>
      <Unit filename="/home/sai/Desktop/iiit-h-sem4/graphics/graphics/graphics-assign-2/src/monster.cpp">
         <Option target="graphics_asgn1"/>
      </Unit>
      <Unit filename="/home/sai/Desktop/iiit-h-sem4/graphics/graphics/graphics-assign-2/src/monster.h">
         <Option target="graphics_asgn1"/>
      </Unit>
      <Unit filename="/home/sai/Desktop/iiit-h-sem4/graphics/graphics/graphics-assign-2/src/nonedit.cpp">
         <Option target="graphics_asgn1"/>
      </Unit>
      <Unit filename="/home/sai/Desktop/iiit-h-sem4/graphics/graphics/graphics-assign-2/src/other_handlers.cpp">
         <Option target="graphics_asgn1"/>
      </Unit>
      <Unit filename="/home/sai/Desktop/iiit-h-sem4/graphics/graphics/graphics-assign-2/src/rock.cpp">
         <Option target="graphics_asgn1"/>
      </Unit>
      <Unit filename="/home/sai/Desktop/iiit-h-sem4/graphics/graphics/graphics-assign-2/src/rock.h">
         <Option target="graphics_asgn1"/>
      </Unit>
      <Unit filename="/home/sai/Desktop/iiit-h-sem4/graphics/graphics/graphics-assign-2/src/timer.cpp">
         <Option target="graphics_asgn1"/>
      </Unit>
      <Unit filename="/home/sai/Desktop/iiit-h-sem4/graphics/graphics/graphics-assign-2/src/timer.h">
         <Option target="graphics_asgn1"/>
      </Unit>
      <Unit filename="/home/sai/Desktop/iiit-h-sem4/graphics/graphics/graphics-assign-2/src/water.cpp">
         <Option target="graphics_asgn1"/>
      </Unit>
      <Unit filename="/home/sai/Desktop/iiit-h-sem4/graphics/graphics/graphics-assign-2/src/water.h">
         <Option target="graphics_asgn1"/>
      </Unit>
      <Unit filename="/home/sai/Desktop/iiit-h-sem4/graphics/graphics/graphics-assign-2/src/wave.cpp">
         <Option target="graphics_asgn1"/>
      </Unit>
      <Unit filename="/home/sai/Desktop/iiit-h-sem4/graphics/graphics/graphics-assign-2/src/wave.h">
         <Option target="graphics_asgn1"/>
      </Unit>
      <Unit filename="/home/sai/Desktop/iiit-h-sem4/graphics/graphics/graphics-assign-2/src/wind_pointer.cpp">
         <Option target="graphics_asgn1"/>
      </Unit>
      <Unit filename="/home/sai/Desktop/iiit-h-sem4/graphics/graphics/graphics-assign-2/src/wind_pointer.h">
         <Option target="graphics_asgn1"/>
      </Unit>
      <Unit filename="/home/sai/Desktop/iiit-h-sem4/graphics/graphics/graphics-assign-2/CMakeLists.txt">
          <Option virtualFolder="CMake Files\" />
      </Unit>
      <Unit filename="/home/sai/Desktop/iiit-h-sem4/graphics/graphics/graphics-assign-2/src/Sample_GL.vert">
          <Option virtualFolder="CMake Files\src\" />
      </Unit>
      <Unit filename="/home/sai/Desktop/iiit-h-sem4/graphics/graphics/graphics-assign-2/src/Sample_GL.frag">
          <Option virtualFolder="CMake Files\src\" />
      </Unit>
   </Project>
</CodeBlocks_project_file>
